
Microsoft Visual Studio Solution File, Format Version 12.00
# Visual Studio 14
VisualStudioVersion = 14.0.24720.0
MinimumVisualStudioVersion = 10.0.40219.1
Project("{FAE04EC0-301F-11D3-BF4B-00C04F79EFBC}") = "ZUI.Controls", "ZUI.Controls\ZUI.Controls.csproj", "{ABA58B52-C2B1-410C-9468-4C8FFF3B918C}"
EndProject
Project("{FAE04EC0-301F-11D3-BF4B-00C04F79EFBC}") = "ZUI.Demo", "ZUI.Demo\ZUI.Demo.csproj", "{4BF7C292-A4D6-401B-B152-12F08DFC3972}"
EndProject
Global
	GlobalSection(SolutionConfigurationPlatforms) = preSolution
		Debug|Any CPU = Debug|Any CPU
		Debug|x86 = Debug|x86
		Release|Any CPU = Release|Any CPU
		Release|x86 = Release|x86
	EndGlobalSection
	GlobalSection(ProjectConfigurationPlatforms) = postSolution
		{ABA58B52-C2B1-410C-9468-4C8FFF3B918C}.Debug|Any CPU.ActiveCfg = Debug|Any CPU
		{ABA58B52-C2B1-410C-9468-4C8FFF3B918C}.Debug|Any CPU.Build.0 = Debug|Any CPU
		{ABA58B52-C2B1-410C-9468-4C8FFF3B918C}.Debug|x86.ActiveCfg = Debug|x86
		{ABA58B52-C2B1-410C-9468-4C8FFF3B918C}.Debug|x86.Build.0 = Debug|x86
		{ABA58B52-C2B1-410C-9468-4C8FFF3B918C}.Release|Any CPU.ActiveCfg = Release|Any CPU
		{ABA58B52-C2B1-410C-9468-4C8FFF3B918C}.Release|Any CPU.Build.0 = Release|Any CPU
		{ABA58B52-C2B1-410C-9468-4C8FFF3B918C}.Release|x86.ActiveCfg = Release|x86
		{ABA58B52-C2B1-410C-9468-4C8FFF3B918C}.Release|x86.Build.0 = Release|x86
		{4BF7C292-A4D6-401B-B152-12F08DFC3972}.Debug|Any CPU.ActiveCfg = Debug|Any CPU
		{4BF7C292-A4D6-401B-B152-12F08DFC3972}.Debug|Any CPU.Build.0 = Debug|Any CPU
		{4BF7C292-A4D6-401B-B152-12F08DFC3972}.Debug|x86.ActiveCfg = Debug|x86
		{4BF7C292-A4D6-401B-B152-12F08DFC3972}.Debug|x86.Build.0 = Debug|x86
		{4BF7C292-A4D6-401B-B152-12F08DFC3972}.Release|Any CPU.ActiveCfg = Release|Any CPU
		{4BF7C292-A4D6-401B-B152-12F08DFC3972}.Release|Any CPU.Build.0 = Release|Any CPU
		{4BF7C292-A4D6-401B-B152-12F08DFC3972}.Release|x86.ActiveCfg = Release|x86
		{4BF7C292-A4D6-401B-B152-12F08DFC3972}.Release|x86.Build.0 = Release|x86
	EndGlobalSection
	GlobalSection(SolutionProperties) = preSolution
		HideSolutionNode = FALSE
	EndGlobalSection
EndGlobal
